
Microsoft Visual Studio Solution File, Format Version 12.00
# Visual Studio Version 16
VisualStudioVersion = 16.0.32106.194
MinimumVisualStudioVersion = 10.0.40219.1
Project("{8BC9CEB8-8B4A-11D0-8D11-00A0C91BC942}") = "ConsoleApp", "ConsoleApp.vcxproj", "{6D13A90E-01E2-43AD-8456-EF38093CE60D}"
EndProject
Global
	GlobalSection(SolutionConfigurationPlatforms) = preSolution
		Debug|x64 = Debug|x64
		Debug|x86 = Debug|x86
		Release|x64 = Release|x64
		Release|x86 = Release|x86
	EndGlobalSection
	GlobalSection(ProjectConfigurationPlatforms) = postSolution
		{6D13A90E-01E2-43AD-8456-EF38093CE60D}.Debug|x64.ActiveCfg = Debug|x64
		{6D13A90E-01E2-43AD-8456-EF38093CE60D}.Debug|x64.Build.0 = Debug|x64
		{6D13A90E-01E2-43AD-8456-EF38093CE60D}.Debug|x86.ActiveCfg = Debug|Win32
		{6D13A90E-01E2-43AD-8456-EF38093CE60D}.Debug|x86.Build.0 = Debug|Win32
		{6D13A90E-01E2-43AD-8456-EF38093CE60D}.Release|x64.ActiveCfg = Release|x64
		{6D13A90E-01E2-43AD-8456-EF38093CE60D}.Release|x64.Build.0 = Release|x64
		{6D13A90E-01E2-43AD-8456-EF38093CE60D}.Release|x86.ActiveCfg = Release|Win32
		{6D13A90E-01E2-43AD-8456-EF38093CE60D}.Release|x86.Build.0 = Release|Win32
	EndGlobalSection
	GlobalSection(SolutionProperties) = preSolution
		HideSolutionNode = FALSE
	EndGlobalSection
	GlobalSection(ExtensibilityGlobals) = postSolution
		SolutionGuid = {A95BCE5A-C8DE-45A1-A211-749D925E8FEF}
	EndGlobalSection
EndGlobal
